
Microsoft Visual Studio Solution File, Format Version 12.00
# Visual Studio 15
VisualStudioVersion = 15.0.28307.329
MinimumVisualStudioVersion = 10.0.40219.1
Project("{FAE04EC0-301F-11D3-BF4B-00C04F79EFBC}") = "tree", "tree\tree.csproj", "{A8DEBDFA-1420-4CCB-AC47-CEB1DEB4CE71}"
EndProject
Project("{FAE04EC0-301F-11D3-BF4B-00C04F79EFBC}") = "UnitTests", "UnitTests\UnitTests.csproj", "{BABFFC1E-9507-4042-9930-333458AB8969}"
EndProject
Global
	GlobalSection(SolutionConfigurationPlatforms) = preSolution
		Debug|Any CPU = Debug|Any CPU
		Release|Any CPU = Release|Any CPU
	EndGlobalSection
	GlobalSection(ProjectConfigurationPlatforms) = postSolution
		{A8DEBDFA-1420-4CCB-AC47-CEB1DEB4CE71}.Debug|Any CPU.ActiveCfg = Debug|Any CPU
		{A8DEBDFA-1420-4CCB-AC47-CEB1DEB4CE71}.Debug|Any CPU.Build.0 = Debug|Any CPU
		{A8DEBDFA-1420-4CCB-AC47-CEB1DEB4CE71}.Release|Any CPU.ActiveCfg = Release|Any CPU
		{A8DEBDFA-1420-4CCB-AC47-CEB1DEB4CE71}.Release|Any CPU.Build.0 = Release|Any CPU
		{BABFFC1E-9507-4042-9930-333458AB8969}.Debug|Any CPU.ActiveCfg = Debug|Any CPU
		{BABFFC1E-9507-4042-9930-333458AB8969}.Debug|Any CPU.Build.0 = Debug|Any CPU
		{BABFFC1E-9507-4042-9930-333458AB8969}.Release|Any CPU.ActiveCfg = Release|Any CPU
		{BABFFC1E-9507-4042-9930-333458AB8969}.Release|Any CPU.Build.0 = Release|Any CPU
	EndGlobalSection
	GlobalSection(SolutionProperties) = preSolution
		HideSolutionNode = FALSE
	EndGlobalSection
	GlobalSection(ExtensibilityGlobals) = postSolution
		SolutionGuid = {89DAB32D-7B19-4979-8032-49D81A2B8BD9}
	EndGlobalSection
EndGlobal
