
Microsoft Visual Studio Solution File, Format Version 12.00
# Visual Studio 15
VisualStudioVersion = 15.0.28307.271
MinimumVisualStudioVersion = 10.0.40219.1
Project("{FAE04EC0-301F-11D3-BF4B-00C04F79EFBC}") = "StacksAndQueues", "StacksAndQueues\StacksAndQueues.csproj", "{9BF7C259-7331-49DF-AACE-85CD411E2E4B}"
EndProject
Project("{FAE04EC0-301F-11D3-BF4B-00C04F79EFBC}") = "UnitTests", "UnitTests\UnitTests.csproj", "{BAD9E3B0-2EEF-4393-89A3-98BA8B8CFD89}"
EndProject
Global
	GlobalSection(SolutionConfigurationPlatforms) = preSolution
		Debug|Any CPU = Debug|Any CPU
		Release|Any CPU = Release|Any CPU
	EndGlobalSection
	GlobalSection(ProjectConfigurationPlatforms) = postSolution
		{9BF7C259-7331-49DF-AACE-85CD411E2E4B}.Debug|Any CPU.ActiveCfg = Debug|Any CPU
		{9BF7C259-7331-49DF-AACE-85CD411E2E4B}.Debug|Any CPU.Build.0 = Debug|Any CPU
		{9BF7C259-7331-49DF-AACE-85CD411E2E4B}.Release|Any CPU.ActiveCfg = Release|Any CPU
		{9BF7C259-7331-49DF-AACE-85CD411E2E4B}.Release|Any CPU.Build.0 = Release|Any CPU
		{BAD9E3B0-2EEF-4393-89A3-98BA8B8CFD89}.Debug|Any CPU.ActiveCfg = Debug|Any CPU
		{BAD9E3B0-2EEF-4393-89A3-98BA8B8CFD89}.Debug|Any CPU.Build.0 = Debug|Any CPU
		{BAD9E3B0-2EEF-4393-89A3-98BA8B8CFD89}.Release|Any CPU.ActiveCfg = Release|Any CPU
		{BAD9E3B0-2EEF-4393-89A3-98BA8B8CFD89}.Release|Any CPU.Build.0 = Release|Any CPU
	EndGlobalSection
	GlobalSection(SolutionProperties) = preSolution
		HideSolutionNode = FALSE
	EndGlobalSection
	GlobalSection(ExtensibilityGlobals) = postSolution
		SolutionGuid = {77D2285A-9595-4D14-B199-2A99C8825F5E}
	EndGlobalSection
EndGlobal
