
Microsoft Visual Studio Solution File, Format Version 12.00
# Visual Studio 15
VisualStudioVersion = 15.0.28307.329
MinimumVisualStudioVersion = 10.0.40219.1
Project("{FAE04EC0-301F-11D3-BF4B-00C04F79EFBC}") = "repeated_word", "repeated_word\repeated_word.csproj", "{669727A6-F645-42AC-9FE3-B20337F272B3}"
EndProject
Global
	GlobalSection(SolutionConfigurationPlatforms) = preSolution
		Debug|Any CPU = Debug|Any CPU
		Release|Any CPU = Release|Any CPU
	EndGlobalSection
	GlobalSection(ProjectConfigurationPlatforms) = postSolution
		{669727A6-F645-42AC-9FE3-B20337F272B3}.Debug|Any CPU.ActiveCfg = Debug|Any CPU
		{669727A6-F645-42AC-9FE3-B20337F272B3}.Debug|Any CPU.Build.0 = Debug|Any CPU
		{669727A6-F645-42AC-9FE3-B20337F272B3}.Release|Any CPU.ActiveCfg = Release|Any CPU
		{669727A6-F645-42AC-9FE3-B20337F272B3}.Release|Any CPU.Build.0 = Release|Any CPU
	EndGlobalSection
	GlobalSection(SolutionProperties) = preSolution
		HideSolutionNode = FALSE
	EndGlobalSection
	GlobalSection(ExtensibilityGlobals) = postSolution
		SolutionGuid = {16923850-C32B-47BF-916F-FE96337AA36B}
	EndGlobalSection
EndGlobal
