
Microsoft Visual Studio Solution File, Format Version 12.00
# Visual Studio 15
VisualStudioVersion = 15.0.28307.329
MinimumVisualStudioVersion = 10.0.40219.1
Project("{FAE04EC0-301F-11D3-BF4B-00C04F79EFBC}") = "MultiBracketValidation", "MultiBracketValidation\MultiBracketValidation.csproj", "{161956B4-A1EA-49A5-B3B7-EBA3D66103CE}"
EndProject
Global
	GlobalSection(SolutionConfigurationPlatforms) = preSolution
		Debug|Any CPU = Debug|Any CPU
		Release|Any CPU = Release|Any CPU
	EndGlobalSection
	GlobalSection(ProjectConfigurationPlatforms) = postSolution
		{161956B4-A1EA-49A5-B3B7-EBA3D66103CE}.Debug|Any CPU.ActiveCfg = Debug|Any CPU
		{161956B4-A1EA-49A5-B3B7-EBA3D66103CE}.Debug|Any CPU.Build.0 = Debug|Any CPU
		{161956B4-A1EA-49A5-B3B7-EBA3D66103CE}.Release|Any CPU.ActiveCfg = Release|Any CPU
		{161956B4-A1EA-49A5-B3B7-EBA3D66103CE}.Release|Any CPU.Build.0 = Release|Any CPU
	EndGlobalSection
	GlobalSection(SolutionProperties) = preSolution
		HideSolutionNode = FALSE
	EndGlobalSection
	GlobalSection(ExtensibilityGlobals) = postSolution
		SolutionGuid = {D8C40411-A96B-41C2-9096-F10854C2527A}
	EndGlobalSection
EndGlobal
