
Microsoft Visual Studio Solution File, Format Version 12.00
# Visual Studio 15
VisualStudioVersion = 15.0.28307.329
MinimumVisualStudioVersion = 10.0.40219.1
Project("{9A19103F-16F7-4668-BE54-9A1E7A4F7556}") = "MultiBracketValidationChallenge", "MultiBracketValidation\MultiBracketValidationChallenge.csproj", "{F835B451-7B08-4908-A6B8-6E273374B3AF}"
EndProject
Project("{FAE04EC0-301F-11D3-BF4B-00C04F79EFBC}") = "UnitTests", "UnitTests\UnitTests.csproj", "{3F527500-7EA9-4421-8442-2EDBB01BC579}"
EndProject
Global
	GlobalSection(SolutionConfigurationPlatforms) = preSolution
		Debug|Any CPU = Debug|Any CPU
		Release|Any CPU = Release|Any CPU
	EndGlobalSection
	GlobalSection(ProjectConfigurationPlatforms) = postSolution
		{F835B451-7B08-4908-A6B8-6E273374B3AF}.Debug|Any CPU.ActiveCfg = Debug|Any CPU
		{F835B451-7B08-4908-A6B8-6E273374B3AF}.Debug|Any CPU.Build.0 = Debug|Any CPU
		{F835B451-7B08-4908-A6B8-6E273374B3AF}.Release|Any CPU.ActiveCfg = Release|Any CPU
		{F835B451-7B08-4908-A6B8-6E273374B3AF}.Release|Any CPU.Build.0 = Release|Any CPU
		{3F527500-7EA9-4421-8442-2EDBB01BC579}.Debug|Any CPU.ActiveCfg = Debug|Any CPU
		{3F527500-7EA9-4421-8442-2EDBB01BC579}.Debug|Any CPU.Build.0 = Debug|Any CPU
		{3F527500-7EA9-4421-8442-2EDBB01BC579}.Release|Any CPU.ActiveCfg = Release|Any CPU
		{3F527500-7EA9-4421-8442-2EDBB01BC579}.Release|Any CPU.Build.0 = Release|Any CPU
	EndGlobalSection
	GlobalSection(SolutionProperties) = preSolution
		HideSolutionNode = FALSE
	EndGlobalSection
	GlobalSection(ExtensibilityGlobals) = postSolution
		SolutionGuid = {A856FE95-F2D4-4024-99AE-C19B4CBDAF15}
	EndGlobalSection
EndGlobal
