
Microsoft Visual Studio Solution File, Format Version 12.00
# Visual Studio 15
VisualStudioVersion = 15.0.28307.329
MinimumVisualStudioVersion = 10.0.40219.1
Project("{FAE04EC0-301F-11D3-BF4B-00C04F79EFBC}") = "FindAncestry", "FindAncestry\FindAncestry.csproj", "{7871F2CD-0520-4B26-BA28-EA317F356AC2}"
EndProject
Global
	GlobalSection(SolutionConfigurationPlatforms) = preSolution
		Debug|Any CPU = Debug|Any CPU
		Release|Any CPU = Release|Any CPU
	EndGlobalSection
	GlobalSection(ProjectConfigurationPlatforms) = postSolution
		{7871F2CD-0520-4B26-BA28-EA317F356AC2}.Debug|Any CPU.ActiveCfg = Debug|Any CPU
		{7871F2CD-0520-4B26-BA28-EA317F356AC2}.Debug|Any CPU.Build.0 = Debug|Any CPU
		{7871F2CD-0520-4B26-BA28-EA317F356AC2}.Release|Any CPU.ActiveCfg = Release|Any CPU
		{7871F2CD-0520-4B26-BA28-EA317F356AC2}.Release|Any CPU.Build.0 = Release|Any CPU
	EndGlobalSection
	GlobalSection(SolutionProperties) = preSolution
		HideSolutionNode = FALSE
	EndGlobalSection
	GlobalSection(ExtensibilityGlobals) = postSolution
		SolutionGuid = {98F64B45-A45A-47C1-B1EB-528A8C35D227}
	EndGlobalSection
EndGlobal
